// !$*UTF8*$!
{
	archiveVersion = 1;
	classes = {
	};
	objectVersion = 46;
	objects = {

/* Begin PBXBuildFile section */
		CCF5C8291C1A9DD50090EDEA /* AppDelegate.swift in Sources */ = {isa = PBXBuildFile; fileRef = CCF5C8281C1A9DD50090EDEA /* AppDelegate.swift */; };
		CCF5C82B1C1A9DD50090EDEA /* ViewController.swift in Sources */ = {isa = PBXBuildFile; fileRef = CCF5C82A1C1A9DD50090EDEA /* ViewController.swift */; };
		CCF5C82E1C1A9DD50090EDEA /* Main.storyboard in Resources */ = {isa = PBXBuildFile; fileRef = CCF5C82C1C1A9DD50090EDEA /* Main.storyboard */; };
		CCF5C8301C1A9DD50090EDEA /* Assets.xcassets in Resources */ = {isa = PBXBuildFile; fileRef = CCF5C82F1C1A9DD50090EDEA /* Assets.xcassets */; };
		CCF5C8331C1A9DD50090EDEA /* LaunchScreen.storyboard in Resources */ = {isa = PBXBuildFile; fileRef = CCF5C8311C1A9DD50090EDEA /* LaunchScreen.storyboard */; };
		CCF5C83E1C1A9DD50090EDEA /* Password_GeneratorTests.swift in Sources */ = {isa = PBXBuildFile; fileRef = CCF5C83D1C1A9DD50090EDEA /* Password_GeneratorTests.swift */; };
		CCF5C8491C1A9DD50090EDEA /* Password_GeneratorUITests.swift in Sources */ = {isa = PBXBuildFile; fileRef = CCF5C8481C1A9DD50090EDEA /* Password_GeneratorUITests.swift */; };
/* End PBXBuildFile section */

/* Begin PBXContainerItemProxy section */
		CCF5C83A1C1A9DD50090EDEA /* PBXContainerItemProxy */ = {
			isa = PBXContainerItemProxy;
			containerPortal = CCF5C81D1C1A9DD50090EDEA /* Project object */;
			proxyType = 1;
			remoteGlobalIDString = CCF5C8241C1A9DD50090EDEA;
			remoteInfo = "Password Generator";
		};
		CCF5C8451C1A9DD50090EDEA /* PBXContainerItemProxy */ = {
			isa = PBXContainerItemProxy;
			containerPortal = CCF5C81D1C1A9DD50090EDEA /* Project object */;
			proxyType = 1;
			remoteGlobalIDString = CCF5C8241C1A9DD50090EDEA;
			remoteInfo = "Password Generator";
		};
/* End PBXContainerItemProxy section */

/* Begin PBXFileReference section */
		CCF5C8251C1A9DD50090EDEA /* Password Generator.app */ = {isa = PBXFileReference; explicitFileType = wrapper.application; includeInIndex = 0; path = "Password Generator.app"; sourceTree = BUILT_PRODUCTS_DIR; };
		CCF5C8281C1A9DD50090EDEA /* AppDelegate.swift */ = {isa = PBXFileReference; lastKnownFileType = sourcecode.swift; path = AppDelegate.swift; sourceTree = "<group>"; };
		CCF5C82A1C1A9DD50090EDEA /* ViewController.swift */ = {isa = PBXFileReference; lastKnownFileType = sourcecode.swift; path = ViewController.swift; sourceTree = "<group>"; };
		CCF5C82D1C1A9DD50090EDEA /* Base */ = {isa = PBXFileReference; lastKnownFileType = file.storyboard; name = Base; path = Base.lproj/Main.storyboard; sourceTree = "<group>"; };
		CCF5C82F1C1A9DD50090EDEA /* Assets.xcassets */ = {isa = PBXFileReference; lastKnownFileType = folder.assetcatalog; path = Assets.xcassets; sourceTree = "<group>"; };
		CCF5C8321C1A9DD50090EDEA /* Base */ = {isa = PBXFileReference; lastKnownFileType = file.storyboard; name = Base; path = Base.lproj/LaunchScreen.storyboard; sourceTree = "<group>"; };
		CCF5C8341C1A9DD50090EDEA /* Info.plist */ = {isa = PBXFileReference; lastKnownFileType = text.plist.xml; path = Info.plist; sourceTree = "<group>"; };
		CCF5C8391C1A9DD50090EDEA /* Password GeneratorTests.xctest */ = {isa = PBXFileReference; explicitFileType = wrapper.cfbundle; includeInIndex = 0; path = "Password GeneratorTests.xctest"; sourceTree = BUILT_PRODUCTS_DIR; };
		CCF5C83D1C1A9DD50090EDEA /* Password_GeneratorTests.swift */ = {isa = PBXFileReference; lastKnownFileType = sourcecode.swift; path = Password_GeneratorTests.swift; sourceTree = "<group>"; };
		CCF5C83F1C1A9DD50090EDEA /* Info.plist */ = {isa = PBXFileReference; lastKnownFileType = text.plist.xml; path = Info.plist; sourceTree = "<group>"; };
		CCF5C8441C1A9DD50090EDEA /* Password GeneratorUITests.xctest */ = {isa = PBXFileReference; explicitFileType = wrapper.cfbundle; includeInIndex = 0; path = "Password GeneratorUITests.xctest"; sourceTree = BUILT_PRODUCTS_DIR; };
		CCF5C8481C1A9DD50090EDEA /* Password_GeneratorUITests.swift */ = {isa = PBXFileReference; lastKnownFileType = sourcecode.swift; path = Password_GeneratorUITests.swift; sourceTree = "<group>"; };
		CCF5C84A1C1A9DD50090EDEA /* Info.plist */ = {isa = PBXFileReference; lastKnownFileType = text.plist.xml; path = Info.plist; sourceTree = "<group>"; };
/* End PBXFileReference section */

/* Begin PBXFrameworksBuildPhase section */
		CCF5C8221C1A9DD50090EDEA /* Frameworks */ = {
			isa = PBXFrameworksBuildPhase;
			buildActionMask = 2147483647;
			files = (
			);
			runOnlyForDeploymentPostprocessing = 0;
		};
		CCF5C8361C1A9DD50090EDEA /* Frameworks */ = {
			isa = PBXFrameworksBuildPhase;
			buildActionMask = 2147483647;
			files = (
			);
			runOnlyForDeploymentPostprocessing = 0;
		};
		CCF5C8411C1A9DD50090EDEA /* Frameworks */ = {
			isa = PBXFrameworksBuildPhase;
			buildActionMask = 2147483647;
			files = (
			);
			runOnlyForDeploymentPostprocessing = 0;
		};
/* End PBXFrameworksBuildPhase section */

/* Begin PBXGroup section */
		CCF5C81C1C1A9DD50090EDEA = {
			isa = PBXGroup;
			children = (
				CCF5C8271C1A9DD50090EDEA /* Password Generator */,
				CCF5C83C1C1A9DD50090EDEA /* Password GeneratorTests */,
				CCF5C8471C1A9DD50090EDEA /* Password GeneratorUITests */,
				CCF5C8261C1A9DD50090EDEA /* Products */,
			);
			sourceTree = "<group>";
		};
		CCF5C8261C1A9DD50090EDEA /* Products */ = {
			isa = PBXGroup;
			children = (
				CCF5C8251C1A9DD50090EDEA /* Password Generator.app */,
				CCF5C8391C1A9DD50090EDEA /* Password GeneratorTests.xctest */,
				CCF5C8441C1A9DD50090EDEA /* Password GeneratorUITests.xctest */,
			);
			name = Products;
			sourceTree = "<group>";
		};
		CCF5C8271C1A9DD50090EDEA /* Password Generator */ = {
			isa = PBXGroup;
			children = (
				CCF5C8281C1A9DD50090EDEA /* AppDelegate.swift */,
				CCF5C82A1C1A9DD50090EDEA /* ViewController.swift */,
				CCF5C82C1C1A9DD50090EDEA /* Main.storyboard */,
				CCF5C82F1C1A9DD50090EDEA /* Assets.xcassets */,
				CCF5C8311C1A9DD50090EDEA /* LaunchScreen.storyboard */,
				CCF5C8341C1A9DD50090EDEA /* Info.plist */,
			);
			path = "Password Generator";
			sourceTree = "<group>";
		};
		CCF5C83C1C1A9DD50090EDEA /* Password GeneratorTests */ = {
			isa = PBXGroup;
			children = (
				CCF5C83D1C1A9DD50090EDEA /* Password_GeneratorTests.swift */,
				CCF5C83F1C1A9DD50090EDEA /* Info.plist */,
			);
			path = "Password GeneratorTests";
			sourceTree = "<group>";
		};
		CCF5C8471C1A9DD50090EDEA /* Password GeneratorUITests */ = {
			isa = PBXGroup;
			children = (
				CCF5C8481C1A9DD50090EDEA /* Password_GeneratorUITests.swift */,
				CCF5C84A1C1A9DD50090EDEA /* Info.plist */,
			);
			path = "Password GeneratorUITests";
			sourceTree = "<group>";
		};
/* End PBXGroup section */

/* Begin PBXNativeTarget section */
		CCF5C8241C1A9DD50090EDEA /* Password Generator */ = {
			isa = PBXNativeTarget;
			buildConfigurationList = CCF5C84D1C1A9DD50090EDEA /* Build configuration list for PBXNativeTarget "Password Generator" */;
			buildPhases = (
				CCF5C8211C1A9DD50090EDEA /* Sources */,
				CCF5C8221C1A9DD50090EDEA /* Frameworks */,
				CCF5C8231C1A9DD50090EDEA /* Resources */,
			);
			buildRules = (
			);
			dependencies = (
			);
			name = "Password Generator";
			productName = "Password Generator";
			productReference = CCF5C8251C1A9DD50090EDEA /* Password Generator.app */;
			productType = "com.apple.product-type.application";
		};
		CCF5C8381C1A9DD50090EDEA /* Password GeneratorTests */ = {
			isa = PBXNativeTarget;
			buildConfigurationList = CCF5C8501C1A9DD50090EDEA /* Build configuration list for PBXNativeTarget "Password GeneratorTests" */;
			buildPhases = (
				CCF5C8351C1A9DD50090EDEA /* Sources */,
				CCF5C8361C1A9DD50090EDEA /* Frameworks */,
				CCF5C8371C1A9DD50090EDEA /* Resources */,
			);
			buildRules = (
			);
			dependencies = (
				CCF5C83B1C1A9DD50090EDEA /* PBXTargetDependency */,
			);
			name = "Password GeneratorTests";
			productName = "Password GeneratorTests";
			productReference = CCF5C8391C1A9DD50090EDEA /* Password GeneratorTests.xctest */;
			productType = "com.apple.product-type.bundle.unit-test";
		};
		CCF5C8431C1A9DD50090EDEA /* Password GeneratorUITests */ = {
			isa = PBXNativeTarget;
			buildConfigurationList = CCF5C8531C1A9DD50090EDEA /* Build configuration list for PBXNativeTarget "Password GeneratorUITests" */;
			buildPhases = (
				CCF5C8401C1A9DD50090EDEA /* Sources */,
				CCF5C8411C1A9DD50090EDEA /* Frameworks */,
				CCF5C8421C1A9DD50090EDEA /* Resources */,
			);
			buildRules = (
			);
			dependencies = (
				CCF5C8461C1A9DD50090EDEA /* PBXTargetDependency */,
			);
			name = "Password GeneratorUITests";
			productName = "Password GeneratorUITests";
			productReference = CCF5C8441C1A9DD50090EDEA /* Password GeneratorUITests.xctest */;
			productType = "com.apple.product-type.bundle.ui-testing";
		};
/* End PBXNativeTarget section */

/* Begin PBXProject section */
		CCF5C81D1C1A9DD50090EDEA /* Project object */ = {
			isa = PBXProject;
			attributes = {
				LastSwiftUpdateCheck = 0720;
				LastUpgradeCheck = 0720;
				ORGANIZATIONNAME = IraM;
				TargetAttributes = {
					CCF5C8241C1A9DD50090EDEA = {
						CreatedOnToolsVersion = 7.2;
					};
					CCF5C8381C1A9DD50090EDEA = {
						CreatedOnToolsVersion = 7.2;
						TestTargetID = CCF5C8241C1A9DD50090EDEA;
					};
					CCF5C8431C1A9DD50090EDEA = {
						CreatedOnToolsVersion = 7.2;
						TestTargetID = CCF5C8241C1A9DD50090EDEA;
					};
				};
			};
			buildConfigurationList = CCF5C8201C1A9DD50090EDEA /* Build configuration list for PBXProject "Password Generator" */;
			compatibilityVersion = "Xcode 3.2";
			developmentRegion = English;
			hasScannedForEncodings = 0;
			knownRegions = (
				en,
				Base,
			);
			mainGroup = CCF5C81C1C1A9DD50090EDEA;
			productRefGroup = CCF5C8261C1A9DD50090EDEA /* Products */;
			projectDirPath = "";
			projectRoot = "";
			targets = (
				CCF5C8241C1A9DD50090EDEA /* Password Generator */,
				CCF5C8381C1A9DD50090EDEA /* Password GeneratorTests */,
				CCF5C8431C1A9DD50090EDEA /* Password GeneratorUITests */,
			);
		};
/* End PBXProject section */

/* Begin PBXResourcesBuildPhase section */
		CCF5C8231C1A9DD50090EDEA /* Resources */ = {
			isa = PBXResourcesBuildPhase;
			buildActionMask = 2147483647;
			files = (
				CCF5C8331C1A9DD50090EDEA /* LaunchScreen.storyboard in Resources */,
				CCF5C8301C1A9DD50090EDEA /* Assets.xcassets in Resources */,
				CCF5C82E1C1A9DD50090EDEA /* Main.storyboard in Resources */,
			);
			runOnlyForDeploymentPostprocessing = 0;
		};
		CCF5C8371C1A9DD50090EDEA /* Resources */ = {
			isa = PBXResourcesBuildPhase;
			buildActionMask = 2147483647;
			files = (
			);
			runOnlyForDeploymentPostprocessing = 0;
		};
		CCF5C8421C1A9DD50090EDEA /* Resources */ = {
			isa = PBXResourcesBuildPhase;
			buildActionMask = 2147483647;
			files = (
			);
			runOnlyForDeploymentPostprocessing = 0;
		};
/* End PBXResourcesBuildPhase section */

/* Begin PBXSourcesBuildPhase section */
		CCF5C8211C1A9DD50090EDEA /* Sources */ = {
			isa = PBXSourcesBuildPhase;
			buildActionMask = 2147483647;
			files = (
				CCF5C82B1C1A9DD50090EDEA /* ViewController.swift in Sources */,
				CCF5C8291C1A9DD50090EDEA /* AppDelegate.swift in Sources */,
			);
			runOnlyForDeploymentPostprocessing = 0;
		};
		CCF5C8351C1A9DD50090EDEA /* Sources */ = {
			isa = PBXSourcesBuildPhase;
			buildActionMask = 2147483647;
			files = (
				CCF5C83E1C1A9DD50090EDEA /* Password_GeneratorTests.swift in Sources */,
			);
			runOnlyForDeploymentPostprocessing = 0;
		};
		CCF5C8401C1A9DD50090EDEA /* Sources */ = {
			isa = PBXSourcesBuildPhase;
			buildActionMask = 2147483647;
			files = (
				CCF5C8491C1A9DD50090EDEA /* Password_GeneratorUITests.swift in Sources */,
			);
			runOnlyForDeploymentPostprocessing = 0;
		};
/* End PBXSourcesBuildPhase section */

/* Begin PBXTargetDependency section */
		CCF5C83B1C1A9DD50090EDEA /* PBXTargetDependency */ = {
			isa = PBXTargetDependency;
			target = CCF5C8241C1A9DD50090EDEA /* Password Generator */;
			targetProxy = CCF5C83A1C1A9DD50090EDEA /* PBXContainerItemProxy */;
		};
		CCF5C8461C1A9DD50090EDEA /* PBXTargetDependency */ = {
			isa = PBXTargetDependency;
			target = CCF5C8241C1A9DD50090EDEA /* Password Generator */;
			targetProxy = CCF5C8451C1A9DD50090EDEA /* PBXContainerItemProxy */;
		};
/* End PBXTargetDependency section */

/* Begin PBXVariantGroup section */
		CCF5C82C1C1A9DD50090EDEA /* Main.storyboard */ = {
			isa = PBXVariantGroup;
			children = (
				CCF5C82D1C1A9DD50090EDEA /* Base */,
			);
			name = Main.storyboard;
			sourceTree = "<group>";
		};
		CCF5C8311C1A9DD50090EDEA /* LaunchScreen.storyboard */ = {
			isa = PBXVariantGroup;
			children = (
				CCF5C8321C1A9DD50090EDEA /* Base */,
			);
			name = LaunchScreen.storyboard;
			sourceTree = "<group>";
		};
/* End PBXVariantGroup section */

/* Begin XCBuildConfiguration section */
		CCF5C84B1C1A9DD50090EDEA /* Debug */ = {
			isa = XCBuildConfiguration;
			buildSettings = {
				ALWAYS_SEARCH_USER_PATHS = NO;
				CLANG_CXX_LANGUAGE_STANDARD = "gnu++0x";
				CLANG_CXX_LIBRARY = "libc++";
				CLANG_ENABLE_MODULES = YES;
				CLANG_ENABLE_OBJC_ARC = YES;
				CLANG_WARN_BOOL_CONVERSION = YES;
				CLANG_WARN_CONSTANT_CONVERSION = YES;
				CLANG_WARN_DIRECT_OBJC_ISA_USAGE = YES_ERROR;
				CLANG_WARN_EMPTY_BODY = YES;
				CLANG_WARN_ENUM_CONVERSION = YES;
				CLANG_WARN_INT_CONVERSION = YES;
				CLANG_WARN_OBJC_ROOT_CLASS = YES_ERROR;
				CLANG_WARN_UNREACHABLE_CODE = YES;
				CLANG_WARN__DUPLICATE_METHOD_MATCH = YES;
				"CODE_SIGN_IDENTITY[sdk=iphoneos*]" = "iPhone Developer";
				COPY_PHASE_STRIP = NO;
				DEBUG_INFORMATION_FORMAT = dwarf;
				ENABLE_STRICT_OBJC_MSGSEND = YES;
				ENABLE_TESTABILITY = YES;
				GCC_C_LANGUAGE_STANDARD = gnu99;
				GCC_DYNAMIC_NO_PIC = NO;
				GCC_NO_COMMON_BLOCKS = YES;
				GCC_OPTIMIZATION_LEVEL = 0;
				GCC_PREPROCESSOR_DEFINITIONS = (
					"DEBUG=1",
					"$(inherited)",
				);
				GCC_WARN_64_TO_32_BIT_CONVERSION = YES;
				GCC_WARN_ABOUT_RETURN_TYPE = YES_ERROR;
				GCC_WARN_UNDECLARED_SELECTOR = YES;
				GCC_WARN_UNINITIALIZED_AUTOS = YES_AGGRESSIVE;
				GCC_WARN_UNUSED_FUNCTION = YES;
				GCC_WARN_UNUSED_VARIABLE = YES;
				IPHONEOS_DEPLOYMENT_TARGET = 9.2;
				MTL_ENABLE_DEBUG_INFO = YES;
				ONLY_ACTIVE_ARCH = YES;
				SDKROOT = iphoneos;
				SWIFT_OPTIMIZATION_LEVEL = "-Onone";
				TARGETED_DEVICE_FAMILY = "1,2";
			};
			name = Debug;
		};
		CCF5C84C1C1A9DD50090EDEA /* Release */ = {
			isa = XCBuildConfiguration;
			buildSettings = {
				ALWAYS_SEARCH_USER_PATHS = NO;
				CLANG_CXX_LANGUAGE_STANDARD = "gnu++0x";
				CLANG_CXX_LIBRARY = "libc++";
				CLANG_ENABLE_MODULES = YES;
				CLANG_ENABLE_OBJC_ARC = YES;
				CLANG_WARN_BOOL_CONVERSION = YES;
				CLANG_WARN_CONSTANT_CONVERSION = YES;
				CLANG_WARN_DIRECT_OBJC_ISA_USAGE = YES_ERROR;
				CLANG_WARN_EMPTY_BODY = YES;
				CLANG_WARN_ENUM_CONVERSION = YES;
				CLANG_WARN_INT_CONVERSION = YES;
				CLANG_WARN_OBJC_ROOT_CLASS = YES_ERROR;
				CLANG_WARN_UNREACHABLE_CODE = YES;
				CLANG_WARN__DUPLICATE_METHOD_MATCH = YES;
				"CODE_SIGN_IDENTITY[sdk=iphoneos*]" = "iPhone Developer";
				COPY_PHASE_STRIP = NO;
				DEBUG_INFORMATION_FORMAT = "dwarf-with-dsym";
				ENABLE_NS_ASSERTIONS = NO;
				ENABLE_STRICT_OBJC_MSGSEND = YES;
				GCC_C_LANGUAGE_STANDARD = gnu99;
				GCC_NO_COMMON_BLOCKS = YES;
				GCC_WARN_64_TO_32_BIT_CONVERSION = YES;
				GCC_WARN_ABOUT_RETURN_TYPE = YES_ERROR;
				GCC_WARN_UNDECLARED_SELECTOR = YES;
				GCC_WARN_UNINITIALIZED_AUTOS = YES_AGGRESSIVE;
				GCC_WARN_UNUSED_FUNCTION = YES;
				GCC_WARN_UNUSED_VARIABLE = YES;
				IPHONEOS_DEPLOYMENT_TARGET = 9.2;
				MTL_ENABLE_DEBUG_INFO = NO;
				SDKROOT = iphoneos;
				TARGETED_DEVICE_FAMILY = "1,2";
				VALIDATE_PRODUCT = YES;
			};
			name = Release;
		};
		CCF5C84E1C1A9DD50090EDEA /* Debug */ = {
			isa = XCBuildConfiguration;
			buildSettings = {
				ASSETCATALOG_COMPILER_APPICON_NAME = AppIcon;
				INFOPLIST_FILE = "Password Generator/Info.plist";
				LD_RUNPATH_SEARCH_PATHS = "$(inherited) @executable_path/Frameworks";
				PRODUCT_BUNDLE_IDENTIFIER = "iram.Password-Generator";
				PRODUCT_NAME = "$(TARGET_NAME)";
			};
			name = Debug;
		};
		CCF5C84F1C1A9DD50090EDEA /* Release */ = {
			isa = XCBuildConfiguration;
			buildSettings = {
				ASSETCATALOG_COMPILER_APPICON_NAME = AppIcon;
				INFOPLIST_FILE = "Password Generator/Info.plist";
				LD_RUNPATH_SEARCH_PATHS = "$(inherited) @executable_path/Frameworks";
				PRODUCT_BUNDLE_IDENTIFIER = "iram.Password-Generator";
				PRODUCT_NAME = "$(TARGET_NAME)";
			};
			name = Release;
		};
		CCF5C8511C1A9DD50090EDEA /* Debug */ = {
			isa = XCBuildConfiguration;
			buildSettings = {
				BUNDLE_LOADER = "$(TEST_HOST)";
				INFOPLIST_FILE = "Password GeneratorTests/Info.plist";
				LD_RUNPATH_SEARCH_PATHS = "$(inherited) @executable_path/Frameworks @loader_path/Frameworks";
				PRODUCT_BUNDLE_IDENTIFIER = "iram.Password-GeneratorTests";
				PRODUCT_NAME = "$(TARGET_NAME)";
				TEST_HOST = "$(BUILT_PRODUCTS_DIR)/Password Generator.app/Password Generator";
			};
			name = Debug;
		};
		CCF5C8521C1A9DD50090EDEA /* Release */ = {
			isa = XCBuildConfiguration;
			buildSettings = {
				BUNDLE_LOADER = "$(TEST_HOST)";
				INFOPLIST_FILE = "Password GeneratorTests/Info.plist";
				LD_RUNPATH_SEARCH_PATHS = "$(inherited) @executable_path/Frameworks @loader_path/Frameworks";
				PRODUCT_BUNDLE_IDENTIFIER = "iram.Password-GeneratorTests";
				PRODUCT_NAME = "$(TARGET_NAME)";
				TEST_HOST = "$(BUILT_PRODUCTS_DIR)/Password Generator.app/Password Generator";
			};
			name = Release;
		};
		CCF5C8541C1A9DD50090EDEA /* Debug */ = {
			isa = XCBuildConfiguration;
			buildSettings = {
				INFOPLIST_FILE = "Password GeneratorUITests/Info.plist";
				LD_RUNPATH_SEARCH_PATHS = "$(inherited) @executable_path/Frameworks @loader_path/Frameworks";
				PRODUCT_BUNDLE_IDENTIFIER = "iram.Password-GeneratorUITests";
				PRODUCT_NAME = "$(TARGET_NAME)";
				TEST_TARGET_NAME = "Password Generator";
				USES_XCTRUNNER = YES;
			};
			name = Debug;
		};
		CCF5C8551C1A9DD50090EDEA /* Release */ = {
			isa = XCBuildConfiguration;
			buildSettings = {
				INFOPLIST_FILE = "Password GeneratorUITests/Info.plist";
				LD_RUNPATH_SEARCH_PATHS = "$(inherited) @executable_path/Frameworks @loader_path/Frameworks";
				PRODUCT_BUNDLE_IDENTIFIER = "iram.Password-GeneratorUITests";
				PRODUCT_NAME = "$(TARGET_NAME)";
				TEST_TARGET_NAME = "Password Generator";
				USES_XCTRUNNER = YES;
			};
			name = Release;
		};
/* End XCBuildConfiguration section */

/* Begin XCConfigurationList section */
		CCF5C8201C1A9DD50090EDEA /* Build configuration list for PBXProject "Password Generator" */ = {
			isa = XCConfigurationList;
			buildConfigurations = (
				CCF5C84B1C1A9DD50090EDEA /* Debug */,
				CCF5C84C1C1A9DD50090EDEA /* Release */,
			);
			defaultConfigurationIsVisible = 0;
			defaultConfigurationName = Release;
		};
		CCF5C84D1C1A9DD50090EDEA /* Build configuration list for PBXNativeTarget "Password Generator" */ = {
			isa = XCConfigurationList;
			buildConfigurations = (
				CCF5C84E1C1A9DD50090EDEA /* Debug */,
				CCF5C84F1C1A9DD50090EDEA /* Release */,
			);
			defaultConfigurationIsVisible = 0;
		};
		CCF5C8501C1A9DD50090EDEA /* Build configuration list for PBXNativeTarget "Password GeneratorTests" */ = {
			isa = XCConfigurationList;
			buildConfigurations = (
				CCF5C8511C1A9DD50090EDEA /* Debug */,
				CCF5C8521C1A9DD50090EDEA /* Release */,
			);
			defaultConfigurationIsVisible = 0;
		};
		CCF5C8531C1A9DD50090EDEA /* Build configuration list for PBXNativeTarget "Password GeneratorUITests" */ = {
			isa = XCConfigurationList;
			buildConfigurations = (
				CCF5C8541C1A9DD50090EDEA /* Debug */,
				CCF5C8551C1A9DD50090EDEA /* Release */,
			);
			defaultConfigurationIsVisible = 0;
		};
/* End XCConfigurationList section */
	};
	rootObject = CCF5C81D1C1A9DD50090EDEA /* Project object */;
}
